
Microsoft Visual Studio Solution File, Format Version 12.00
# Visual Studio Version 17
VisualStudioVersion = 17.10.34928.147
MinimumVisualStudioVersion = 10.0.40219.1
Project("{FAE04EC0-301F-11D3-BF4B-00C04F79EFBC}") = "TechTest", "TechTest\TechTest.csproj", "{0C03524E-1CD8-4877-90E0-C040A17CFB8B}"
EndProject
Project("{FAE04EC0-301F-11D3-BF4B-00C04F79EFBC}") = "UnitTests", "UnitTests\UnitTests.csproj", "{64FA3C4D-33E7-458B-B3F7-FD9929E12680}"
EndProject
Global
	GlobalSection(SolutionConfigurationPlatforms) = preSolution
		Debug|Any CPU = Debug|Any CPU
		Release|Any CPU = Release|Any CPU
	EndGlobalSection
	GlobalSection(ProjectConfigurationPlatforms) = postSolution
		{0C03524E-1CD8-4877-90E0-C040A17CFB8B}.Debug|Any CPU.ActiveCfg = Debug|Any CPU
		{0C03524E-1CD8-4877-90E0-C040A17CFB8B}.Debug|Any CPU.Build.0 = Debug|Any CPU
		{0C03524E-1CD8-4877-90E0-C040A17CFB8B}.Release|Any CPU.ActiveCfg = Release|Any CPU
		{0C03524E-1CD8-4877-90E0-C040A17CFB8B}.Release|Any CPU.Build.0 = Release|Any CPU
		{64FA3C4D-33E7-458B-B3F7-FD9929E12680}.Debug|Any CPU.ActiveCfg = Debug|Any CPU
		{64FA3C4D-33E7-458B-B3F7-FD9929E12680}.Debug|Any CPU.Build.0 = Debug|Any CPU
		{64FA3C4D-33E7-458B-B3F7-FD9929E12680}.Release|Any CPU.ActiveCfg = Release|Any CPU
		{64FA3C4D-33E7-458B-B3F7-FD9929E12680}.Release|Any CPU.Build.0 = Release|Any CPU
	EndGlobalSection
	GlobalSection(SolutionProperties) = preSolution
		HideSolutionNode = FALSE
	EndGlobalSection
	GlobalSection(ExtensibilityGlobals) = postSolution
		SolutionGuid = {2FFD3BF0-BB22-4980-BBDA-0643EC220148}
	EndGlobalSection
EndGlobal
