
Microsoft Visual Studio Solution File, Format Version 12.00
# Visual Studio Version 17
VisualStudioVersion = 17.10.34928.147
MinimumVisualStudioVersion = 10.0.40219.1
Project("{9A19103F-16F7-4668-BE54-9A1E7A4F7556}") = "TechTest", "NetCorePruebaTecnica\TechTest.csproj", "{D14CFAC0-D13D-428F-B8B4-103A72EF0492}"
EndProject
Project("{9A19103F-16F7-4668-BE54-9A1E7A4F7556}") = "UnitTests", "UnitTests\UnitTests.csproj", "{D927691E-32DC-4EA8-B5EA-C6920FDB81BE}"
EndProject
Project("{E53339B2-1760-4266-BCC7-CA923CBCF16C}") = "docker-compose", "docker-compose.dcproj", "{144134B3-CB59-4738-B2DC-27F487323BFE}"
EndProject
Project("{FAE04EC0-301F-11D3-BF4B-00C04F79EFBC}") = "TechTestData", "TechTestData\TechTestData.csproj", "{2DE873E0-7000-4649-8E2B-7449DA72BD01}"
EndProject
Global
	GlobalSection(SolutionConfigurationPlatforms) = preSolution
		Debug|Any CPU = Debug|Any CPU
		Release|Any CPU = Release|Any CPU
	EndGlobalSection
	GlobalSection(ProjectConfigurationPlatforms) = postSolution
		{D14CFAC0-D13D-428F-B8B4-103A72EF0492}.Debug|Any CPU.ActiveCfg = Debug|Any CPU
		{D14CFAC0-D13D-428F-B8B4-103A72EF0492}.Debug|Any CPU.Build.0 = Debug|Any CPU
		{D14CFAC0-D13D-428F-B8B4-103A72EF0492}.Release|Any CPU.ActiveCfg = Release|Any CPU
		{D14CFAC0-D13D-428F-B8B4-103A72EF0492}.Release|Any CPU.Build.0 = Release|Any CPU
		{D927691E-32DC-4EA8-B5EA-C6920FDB81BE}.Debug|Any CPU.ActiveCfg = Debug|Any CPU
		{D927691E-32DC-4EA8-B5EA-C6920FDB81BE}.Debug|Any CPU.Build.0 = Debug|Any CPU
		{D927691E-32DC-4EA8-B5EA-C6920FDB81BE}.Release|Any CPU.ActiveCfg = Release|Any CPU
		{D927691E-32DC-4EA8-B5EA-C6920FDB81BE}.Release|Any CPU.Build.0 = Release|Any CPU
		{144134B3-CB59-4738-B2DC-27F487323BFE}.Debug|Any CPU.ActiveCfg = Debug|Any CPU
		{144134B3-CB59-4738-B2DC-27F487323BFE}.Debug|Any CPU.Build.0 = Debug|Any CPU
		{144134B3-CB59-4738-B2DC-27F487323BFE}.Release|Any CPU.ActiveCfg = Release|Any CPU
		{144134B3-CB59-4738-B2DC-27F487323BFE}.Release|Any CPU.Build.0 = Release|Any CPU
		{2DE873E0-7000-4649-8E2B-7449DA72BD01}.Debug|Any CPU.ActiveCfg = Debug|Any CPU
		{2DE873E0-7000-4649-8E2B-7449DA72BD01}.Debug|Any CPU.Build.0 = Debug|Any CPU
		{2DE873E0-7000-4649-8E2B-7449DA72BD01}.Release|Any CPU.ActiveCfg = Release|Any CPU
		{2DE873E0-7000-4649-8E2B-7449DA72BD01}.Release|Any CPU.Build.0 = Release|Any CPU
	EndGlobalSection
	GlobalSection(SolutionProperties) = preSolution
		HideSolutionNode = FALSE
	EndGlobalSection
	GlobalSection(ExtensibilityGlobals) = postSolution
		SolutionGuid = {26F5E02D-4C99-43DD-9814-5D5A6A467EDA}
	EndGlobalSection
EndGlobal
